
Microsoft Visual Studio Solution File, Format Version 12.00
# Visual Studio Version 16
VisualStudioVersion = 16.0.32228.343
MinimumVisualStudioVersion = 10.0.40219.1
Project("{FAE04EC0-301F-11D3-BF4B-00C04F79EFBC}") = "Serialization", "Serialization\Serialization.csproj", "{BAE037C4-3884-47B3-B5BA-BB19253AB1A9}"
EndProject
Global
	GlobalSection(SolutionConfigurationPlatforms) = preSolution
		Debug|Any CPU = Debug|Any CPU
		Release|Any CPU = Release|Any CPU
	EndGlobalSection
	GlobalSection(ProjectConfigurationPlatforms) = postSolution
		{BAE037C4-3884-47B3-B5BA-BB19253AB1A9}.Debug|Any CPU.ActiveCfg = Debug|Any CPU
		{BAE037C4-3884-47B3-B5BA-BB19253AB1A9}.Debug|Any CPU.Build.0 = Debug|Any CPU
		{BAE037C4-3884-47B3-B5BA-BB19253AB1A9}.Release|Any CPU.ActiveCfg = Release|Any CPU
		{BAE037C4-3884-47B3-B5BA-BB19253AB1A9}.Release|Any CPU.Build.0 = Release|Any CPU
	EndGlobalSection
	GlobalSection(SolutionProperties) = preSolution
		HideSolutionNode = FALSE
	EndGlobalSection
	GlobalSection(ExtensibilityGlobals) = postSolution
		SolutionGuid = {D7D2737F-DA8C-447F-AE6D-9096E48F43FE}
	EndGlobalSection
EndGlobal
